// !$*UTF8*$!
{
	archiveVersion = 1;
	classes = {
	};
	objectVersion = 56;
	objects = {

/* Begin PBXBuildFile section */
		436F42D62A21E101008EC1DD /* BookmarkViewController.swift in Sources */ = {isa = PBXBuildFile; fileRef = 436F42D42A21E101008EC1DD /* BookmarkViewController.swift */; };
		4371F64B2A3C3B51003FDF41 /* SearchResultsTableViewCell.swift in Sources */ = {isa = PBXBuildFile; fileRef = 4371F6492A3C3B51003FDF41 /* SearchResultsTableViewCell.swift */; };
		4371F64C2A3C3B51003FDF41 /* SearchResultsTableViewCell.xib in Resources */ = {isa = PBXBuildFile; fileRef = 4371F64A2A3C3B51003FDF41 /* SearchResultsTableViewCell.xib */; };
		438CB6F82A2F360300112666 /* PinData.swift in Sources */ = {isa = PBXBuildFile; fileRef = 438CB6F72A2F360300112666 /* PinData.swift */; };
		4396CC992A1F477000FB8495 /* MapKit.framework in Frameworks */ = {isa = PBXBuildFile; fileRef = 4396CC982A1F477000FB8495 /* MapKit.framework */; };
		43E8B4E42A1CBDE900F10D39 /* AppDelegate.swift in Sources */ = {isa = PBXBuildFile; fileRef = 43E8B4E32A1CBDE900F10D39 /* AppDelegate.swift */; };
		43E8B4E62A1CBDE900F10D39 /* SceneDelegate.swift in Sources */ = {isa = PBXBuildFile; fileRef = 43E8B4E52A1CBDE900F10D39 /* SceneDelegate.swift */; };
		43E8B4EB2A1CBDE900F10D39 /* Main.storyboard in Resources */ = {isa = PBXBuildFile; fileRef = 43E8B4E92A1CBDE900F10D39 /* Main.storyboard */; };
		43E8B4ED2A1CBDEB00F10D39 /* Assets.xcassets in Resources */ = {isa = PBXBuildFile; fileRef = 43E8B4EC2A1CBDEB00F10D39 /* Assets.xcassets */; };
		43E8B4F02A1CBDEB00F10D39 /* LaunchScreen.storyboard in Resources */ = {isa = PBXBuildFile; fileRef = 43E8B4EE2A1CBDEB00F10D39 /* LaunchScreen.storyboard */; };
		43E8B4FB2A1DE58700F10D39 /* SearchViewController.swift in Sources */ = {isa = PBXBuildFile; fileRef = 43E8B4FA2A1DE58700F10D39 /* SearchViewController.swift */; };
		43E8B4FE2A1DE62700F10D39 /* SearchResultsViewController.swift in Sources */ = {isa = PBXBuildFile; fileRef = 43E8B4FC2A1DE62700F10D39 /* SearchResultsViewController.swift */; };
		43E8B5022A1DE65A00F10D39 /* ResultsDetailViewController.swift in Sources */ = {isa = PBXBuildFile; fileRef = 43E8B5002A1DE65A00F10D39 /* ResultsDetailViewController.swift */; };
/* End PBXBuildFile section */

/* Begin PBXFileReference section */
		436F42D42A21E101008EC1DD /* BookmarkViewController.swift */ = {isa = PBXFileReference; lastKnownFileType = sourcecode.swift; path = BookmarkViewController.swift; sourceTree = "<group>"; };
		4371F6492A3C3B51003FDF41 /* SearchResultsTableViewCell.swift */ = {isa = PBXFileReference; lastKnownFileType = sourcecode.swift; path = SearchResultsTableViewCell.swift; sourceTree = "<group>"; };
		4371F64A2A3C3B51003FDF41 /* SearchResultsTableViewCell.xib */ = {isa = PBXFileReference; lastKnownFileType = file.xib; path = SearchResultsTableViewCell.xib; sourceTree = "<group>"; };
		438CB6F72A2F360300112666 /* PinData.swift */ = {isa = PBXFileReference; lastKnownFileType = sourcecode.swift; path = PinData.swift; sourceTree = "<group>"; };
		4396CC982A1F477000FB8495 /* MapKit.framework */ = {isa = PBXFileReference; lastKnownFileType = wrapper.framework; name = MapKit.framework; path = System/Library/Frameworks/MapKit.framework; sourceTree = SDKROOT; };
		43E8B4E02A1CBDE900F10D39 /* TrainWindowGuide.app */ = {isa = PBXFileReference; explicitFileType = wrapper.application; includeInIndex = 0; path = TrainWindowGuide.app; sourceTree = BUILT_PRODUCTS_DIR; };
		43E8B4E32A1CBDE900F10D39 /* AppDelegate.swift */ = {isa = PBXFileReference; lastKnownFileType = sourcecode.swift; path = AppDelegate.swift; sourceTree = "<group>"; };
		43E8B4E52A1CBDE900F10D39 /* SceneDelegate.swift */ = {isa = PBXFileReference; lastKnownFileType = sourcecode.swift; path = SceneDelegate.swift; sourceTree = "<group>"; };
		43E8B4EA2A1CBDE900F10D39 /* Base */ = {isa = PBXFileReference; lastKnownFileType = file.storyboard; name = Base; path = Base.lproj/Main.storyboard; sourceTree = "<group>"; };
		43E8B4EC2A1CBDEB00F10D39 /* Assets.xcassets */ = {isa = PBXFileReference; lastKnownFileType = folder.assetcatalog; path = Assets.xcassets; sourceTree = "<group>"; };
		43E8B4EF2A1CBDEB00F10D39 /* Base */ = {isa = PBXFileReference; lastKnownFileType = file.storyboard; name = Base; path = Base.lproj/LaunchScreen.storyboard; sourceTree = "<group>"; };
		43E8B4F12A1CBDEB00F10D39 /* Info.plist */ = {isa = PBXFileReference; lastKnownFileType = text.plist.xml; path = Info.plist; sourceTree = "<group>"; };
		43E8B4FA2A1DE58700F10D39 /* SearchViewController.swift */ = {isa = PBXFileReference; lastKnownFileType = sourcecode.swift; path = SearchViewController.swift; sourceTree = "<group>"; };
		43E8B4FC2A1DE62700F10D39 /* SearchResultsViewController.swift */ = {isa = PBXFileReference; lastKnownFileType = sourcecode.swift; path = SearchResultsViewController.swift; sourceTree = "<group>"; };
		43E8B5002A1DE65A00F10D39 /* ResultsDetailViewController.swift */ = {isa = PBXFileReference; lastKnownFileType = sourcecode.swift; path = ResultsDetailViewController.swift; sourceTree = "<group>"; };
/* End PBXFileReference section */

/* Begin PBXFrameworksBuildPhase section */
		43E8B4DD2A1CBDE900F10D39 /* Frameworks */ = {
			isa = PBXFrameworksBuildPhase;
			buildActionMask = 2147483647;
			files = (
				4396CC992A1F477000FB8495 /* MapKit.framework in Frameworks */,
			);
			runOnlyForDeploymentPostprocessing = 0;
		};
/* End PBXFrameworksBuildPhase section */

/* Begin PBXGroup section */
		4396CC972A1F476F00FB8495 /* Frameworks */ = {
			isa = PBXGroup;
			children = (
				4396CC982A1F477000FB8495 /* MapKit.framework */,
			);
			name = Frameworks;
			sourceTree = "<group>";
		};
		43E8B4D72A1CBDE900F10D39 = {
			isa = PBXGroup;
			children = (
				43E8B4E22A1CBDE900F10D39 /* TrainWindowGuide */,
				43E8B4E12A1CBDE900F10D39 /* Products */,
				4396CC972A1F476F00FB8495 /* Frameworks */,
			);
			sourceTree = "<group>";
		};
		43E8B4E12A1CBDE900F10D39 /* Products */ = {
			isa = PBXGroup;
			children = (
				43E8B4E02A1CBDE900F10D39 /* TrainWindowGuide.app */,
			);
			name = Products;
			sourceTree = "<group>";
		};
		43E8B4E22A1CBDE900F10D39 /* TrainWindowGuide */ = {
			isa = PBXGroup;
			children = (
				43E8B4E32A1CBDE900F10D39 /* AppDelegate.swift */,
				43E8B4E52A1CBDE900F10D39 /* SceneDelegate.swift */,
				43E8B4E92A1CBDE900F10D39 /* Main.storyboard */,
				43E8B4EC2A1CBDEB00F10D39 /* Assets.xcassets */,
				43E8B4EE2A1CBDEB00F10D39 /* LaunchScreen.storyboard */,
				43E8B4F12A1CBDEB00F10D39 /* Info.plist */,
				C51F875E2A3C160C004C1D59 /* ViewController */,
				438CB6F72A2F360300112666 /* PinData.swift */,
			);
			path = TrainWindowGuide;
			sourceTree = "<group>";
		};
		C51F875E2A3C160C004C1D59 /* ViewController */ = {
			isa = PBXGroup;
			children = (
				43E8B4FA2A1DE58700F10D39 /* SearchViewController.swift */,
				43E8B4FC2A1DE62700F10D39 /* SearchResultsViewController.swift */,
				43E8B5002A1DE65A00F10D39 /* ResultsDetailViewController.swift */,
				436F42D42A21E101008EC1DD /* BookmarkViewController.swift */,
				4371F6492A3C3B51003FDF41 /* SearchResultsTableViewCell.swift */,
				4371F64A2A3C3B51003FDF41 /* SearchResultsTableViewCell.xib */,
			);
			path = ViewController;
			sourceTree = "<group>";
		};
/* End PBXGroup section */

/* Begin PBXNativeTarget section */
		43E8B4DF2A1CBDE900F10D39 /* TrainWindowGuide */ = {
			isa = PBXNativeTarget;
			buildConfigurationList = 43E8B4F42A1CBDEB00F10D39 /* Build configuration list for PBXNativeTarget "TrainWindowGuide" */;
			buildPhases = (
				43E8B4DC2A1CBDE900F10D39 /* Sources */,
				43E8B4DD2A1CBDE900F10D39 /* Frameworks */,
				43E8B4DE2A1CBDE900F10D39 /* Resources */,
			);
			buildRules = (
			);
			dependencies = (
			);
			name = TrainWindowGuide;
			productName = TrainWindowGuide;
			productReference = 43E8B4E02A1CBDE900F10D39 /* TrainWindowGuide.app */;
			productType = "com.apple.product-type.application";
		};
/* End PBXNativeTarget section */

/* Begin PBXProject section */
		43E8B4D82A1CBDE900F10D39 /* Project object */ = {
			isa = PBXProject;
			attributes = {
				BuildIndependentTargetsInParallel = 1;
				LastSwiftUpdateCheck = 1430;
				LastUpgradeCheck = 1430;
				TargetAttributes = {
					43E8B4DF2A1CBDE900F10D39 = {
						CreatedOnToolsVersion = 14.3;
					};
				};
			};
			buildConfigurationList = 43E8B4DB2A1CBDE900F10D39 /* Build configuration list for PBXProject "TrainWindowGuide" */;
			compatibilityVersion = "Xcode 14.0";
			developmentRegion = en;
			hasScannedForEncodings = 0;
			knownRegions = (
				en,
				Base,
			);
			mainGroup = 43E8B4D72A1CBDE900F10D39;
			productRefGroup = 43E8B4E12A1CBDE900F10D39 /* Products */;
			projectDirPath = "";
			projectRoot = "";
			targets = (
				43E8B4DF2A1CBDE900F10D39 /* TrainWindowGuide */,
			);
		};
/* End PBXProject section */

/* Begin PBXResourcesBuildPhase section */
		43E8B4DE2A1CBDE900F10D39 /* Resources */ = {
			isa = PBXResourcesBuildPhase;
			buildActionMask = 2147483647;
			files = (
				43E8B4F02A1CBDEB00F10D39 /* LaunchScreen.storyboard in Resources */,
				43E8B4ED2A1CBDEB00F10D39 /* Assets.xcassets in Resources */,
				4371F64C2A3C3B51003FDF41 /* SearchResultsTableViewCell.xib in Resources */,
				43E8B4EB2A1CBDE900F10D39 /* Main.storyboard in Resources */,
			);
			runOnlyForDeploymentPostprocessing = 0;
		};
/* End PBXResourcesBuildPhase section */

/* Begin PBXSourcesBuildPhase section */
		43E8B4DC2A1CBDE900F10D39 /* Sources */ = {
			isa = PBXSourcesBuildPhase;
			buildActionMask = 2147483647;
			files = (
				43E8B4FB2A1DE58700F10D39 /* SearchViewController.swift in Sources */,
				438CB6F82A2F360300112666 /* PinData.swift in Sources */,
				43E8B4FE2A1DE62700F10D39 /* SearchResultsViewController.swift in Sources */,
				43E8B4E42A1CBDE900F10D39 /* AppDelegate.swift in Sources */,
				4371F64B2A3C3B51003FDF41 /* SearchResultsTableViewCell.swift in Sources */,
				43E8B4E62A1CBDE900F10D39 /* SceneDelegate.swift in Sources */,
				436F42D62A21E101008EC1DD /* BookmarkViewController.swift in Sources */,
				43E8B5022A1DE65A00F10D39 /* ResultsDetailViewController.swift in Sources */,
			);
			runOnlyForDeploymentPostprocessing = 0;
		};
/* End PBXSourcesBuildPhase section */

/* Begin PBXVariantGroup section */
		43E8B4E92A1CBDE900F10D39 /* Main.storyboard */ = {
			isa = PBXVariantGroup;
			children = (
				43E8B4EA2A1CBDE900F10D39 /* Base */,
			);
			name = Main.storyboard;
			sourceTree = "<group>";
		};
		43E8B4EE2A1CBDEB00F10D39 /* LaunchScreen.storyboard */ = {
			isa = PBXVariantGroup;
			children = (
				43E8B4EF2A1CBDEB00F10D39 /* Base */,
			);
			name = LaunchScreen.storyboard;
			sourceTree = "<group>";
		};
/* End PBXVariantGroup section */

/* Begin XCBuildConfiguration section */
		43E8B4F22A1CBDEB00F10D39 /* Debug */ = {
			isa = XCBuildConfiguration;
			buildSettings = {
				ALWAYS_SEARCH_USER_PATHS = NO;
				CLANG_ANALYZER_NONNULL = YES;
				CLANG_ANALYZER_NUMBER_OBJECT_CONVERSION = YES_AGGRESSIVE;
				CLANG_CXX_LANGUAGE_STANDARD = "gnu++20";
				CLANG_ENABLE_MODULES = YES;
				CLANG_ENABLE_OBJC_ARC = YES;
				CLANG_ENABLE_OBJC_WEAK = YES;
				CLANG_WARN_BLOCK_CAPTURE_AUTORELEASING = YES;
				CLANG_WARN_BOOL_CONVERSION = YES;
				CLANG_WARN_COMMA = YES;
				CLANG_WARN_CONSTANT_CONVERSION = YES;
				CLANG_WARN_DEPRECATED_OBJC_IMPLEMENTATIONS = YES;
				CLANG_WARN_DIRECT_OBJC_ISA_USAGE = YES_ERROR;
				CLANG_WARN_DOCUMENTATION_COMMENTS = YES;
				CLANG_WARN_EMPTY_BODY = YES;
				CLANG_WARN_ENUM_CONVERSION = YES;
				CLANG_WARN_INFINITE_RECURSION = YES;
				CLANG_WARN_INT_CONVERSION = YES;
				CLANG_WARN_NON_LITERAL_NULL_CONVERSION = YES;
				CLANG_WARN_OBJC_IMPLICIT_RETAIN_SELF = YES;
				CLANG_WARN_OBJC_LITERAL_CONVERSION = YES;
				CLANG_WARN_OBJC_ROOT_CLASS = YES_ERROR;
				CLANG_WARN_QUOTED_INCLUDE_IN_FRAMEWORK_HEADER = YES;
				CLANG_WARN_RANGE_LOOP_ANALYSIS = YES;
				CLANG_WARN_STRICT_PROTOTYPES = YES;
				CLANG_WARN_SUSPICIOUS_MOVE = YES;
				CLANG_WARN_UNGUARDED_AVAILABILITY = YES_AGGRESSIVE;
				CLANG_WARN_UNREACHABLE_CODE = YES;
				CLANG_WARN__DUPLICATE_METHOD_MATCH = YES;
				COPY_PHASE_STRIP = NO;
				DEBUG_INFORMATION_FORMAT = dwarf;
				ENABLE_STRICT_OBJC_MSGSEND = YES;
				ENABLE_TESTABILITY = YES;
				GCC_C_LANGUAGE_STANDARD = gnu11;
				GCC_DYNAMIC_NO_PIC = NO;
				GCC_NO_COMMON_BLOCKS = YES;
				GCC_OPTIMIZATION_LEVEL = 0;
				GCC_PREPROCESSOR_DEFINITIONS = (
					"DEBUG=1",
					"$(inherited)",
				);
				GCC_WARN_64_TO_32_BIT_CONVERSION = YES;
				GCC_WARN_ABOUT_RETURN_TYPE = YES_ERROR;
				GCC_WARN_UNDECLARED_SELECTOR = YES;
				GCC_WARN_UNINITIALIZED_AUTOS = YES_AGGRESSIVE;
				GCC_WARN_UNUSED_FUNCTION = YES;
				GCC_WARN_UNUSED_VARIABLE = YES;
				IPHONEOS_DEPLOYMENT_TARGET = 16.4;
				MTL_ENABLE_DEBUG_INFO = INCLUDE_SOURCE;
				MTL_FAST_MATH = YES;
				ONLY_ACTIVE_ARCH = YES;
				SDKROOT = iphoneos;
				SWIFT_ACTIVE_COMPILATION_CONDITIONS = DEBUG;
				SWIFT_OPTIMIZATION_LEVEL = "-Onone";
			};
			name = Debug;
		};
		43E8B4F32A1CBDEB00F10D39 /* Release */ = {
			isa = XCBuildConfiguration;
			buildSettings = {
				ALWAYS_SEARCH_USER_PATHS = NO;
				CLANG_ANALYZER_NONNULL = YES;
				CLANG_ANALYZER_NUMBER_OBJECT_CONVERSION = YES_AGGRESSIVE;
				CLANG_CXX_LANGUAGE_STANDARD = "gnu++20";
				CLANG_ENABLE_MODULES = YES;
				CLANG_ENABLE_OBJC_ARC = YES;
				CLANG_ENABLE_OBJC_WEAK = YES;
				CLANG_WARN_BLOCK_CAPTURE_AUTORELEASING = YES;
				CLANG_WARN_BOOL_CONVERSION = YES;
				CLANG_WARN_COMMA = YES;
				CLANG_WARN_CONSTANT_CONVERSION = YES;
				CLANG_WARN_DEPRECATED_OBJC_IMPLEMENTATIONS = YES;
				CLANG_WARN_DIRECT_OBJC_ISA_USAGE = YES_ERROR;
				CLANG_WARN_DOCUMENTATION_COMMENTS = YES;
				CLANG_WARN_EMPTY_BODY = YES;
				CLANG_WARN_ENUM_CONVERSION = YES;
				CLANG_WARN_INFINITE_RECURSION = YES;
				CLANG_WARN_INT_CONVERSION = YES;
				CLANG_WARN_NON_LITERAL_NULL_CONVERSION = YES;
				CLANG_WARN_OBJC_IMPLICIT_RETAIN_SELF = YES;
				CLANG_WARN_OBJC_LITERAL_CONVERSION = YES;
				CLANG_WARN_OBJC_ROOT_CLASS = YES_ERROR;
				CLANG_WARN_QUOTED_INCLUDE_IN_FRAMEWORK_HEADER = YES;
				CLANG_WARN_RANGE_LOOP_ANALYSIS = YES;
				CLANG_WARN_STRICT_PROTOTYPES = YES;
				CLANG_WARN_SUSPICIOUS_MOVE = YES;
				CLANG_WARN_UNGUARDED_AVAILABILITY = YES_AGGRESSIVE;
				CLANG_WARN_UNREACHABLE_CODE = YES;
				CLANG_WARN__DUPLICATE_METHOD_MATCH = YES;
				COPY_PHASE_STRIP = NO;
				DEBUG_INFORMATION_FORMAT = "dwarf-with-dsym";
				ENABLE_NS_ASSERTIONS = NO;
				ENABLE_STRICT_OBJC_MSGSEND = YES;
				GCC_C_LANGUAGE_STANDARD = gnu11;
				GCC_NO_COMMON_BLOCKS = YES;
				GCC_WARN_64_TO_32_BIT_CONVERSION = YES;
				GCC_WARN_ABOUT_RETURN_TYPE = YES_ERROR;
				GCC_WARN_UNDECLARED_SELECTOR = YES;
				GCC_WARN_UNINITIALIZED_AUTOS = YES_AGGRESSIVE;
				GCC_WARN_UNUSED_FUNCTION = YES;
				GCC_WARN_UNUSED_VARIABLE = YES;
				IPHONEOS_DEPLOYMENT_TARGET = 16.4;
				MTL_ENABLE_DEBUG_INFO = NO;
				MTL_FAST_MATH = YES;
				SDKROOT = iphoneos;
				SWIFT_COMPILATION_MODE = wholemodule;
				SWIFT_OPTIMIZATION_LEVEL = "-O";
				VALIDATE_PRODUCT = YES;
			};
			name = Release;
		};
		43E8B4F52A1CBDEB00F10D39 /* Debug */ = {
			isa = XCBuildConfiguration;
			buildSettings = {
				ASSETCATALOG_COMPILER_APPICON_NAME = AppIcon;
				ASSETCATALOG_COMPILER_GLOBAL_ACCENT_COLOR_NAME = AccentColor;
				CODE_SIGN_STYLE = Automatic;
				CURRENT_PROJECT_VERSION = 1;
				DEVELOPMENT_TEAM = 3A4F76M7GV;
				GENERATE_INFOPLIST_FILE = YES;
				INFOPLIST_FILE = TrainWindowGuide/Info.plist;
				INFOPLIST_KEY_NSLocationAlwaysAndWhenInUseUsageDescription = "アプリの使用中のみ位置情報の取得を許可する";
				INFOPLIST_KEY_NSLocationAlwaysUsageDescription = "常に位置情報の取得を許可する";
				INFOPLIST_KEY_NSLocationWhenInUseUsageDescription = "アプリの使用中のみ位置情報の取得を許可する";
				INFOPLIST_KEY_UIApplicationSupportsIndirectInputEvents = YES;
				INFOPLIST_KEY_UILaunchStoryboardName = LaunchScreen;
				INFOPLIST_KEY_UIMainStoryboardFile = Main;
				INFOPLIST_KEY_UISupportedInterfaceOrientations_iPad = "";
				INFOPLIST_KEY_UISupportedInterfaceOrientations_iPhone = "UIInterfaceOrientationPortrait UIInterfaceOrientationLandscapeLeft UIInterfaceOrientationLandscapeRight";
				LD_RUNPATH_SEARCH_PATHS = (
					"$(inherited)",
					"@executable_path/Frameworks",
				);
				MARKETING_VERSION = 1.0;
				PRODUCT_BUNDLE_IDENTIFIER = igaryo.com.TrainWindowGuide;
				PRODUCT_NAME = "$(TARGET_NAME)";
				SWIFT_EMIT_LOC_STRINGS = YES;
				SWIFT_VERSION = 5.0;
				TARGETED_DEVICE_FAMILY = "1,2";
			};
			name = Debug;
		};
		43E8B4F62A1CBDEB00F10D39 /* Release */ = {
			isa = XCBuildConfiguration;
			buildSettings = {
				ASSETCATALOG_COMPILER_APPICON_NAME = AppIcon;
				ASSETCATALOG_COMPILER_GLOBAL_ACCENT_COLOR_NAME = AccentColor;
				CODE_SIGN_STYLE = Automatic;
				CURRENT_PROJECT_VERSION = 1;
				DEVELOPMENT_TEAM = 3A4F76M7GV;
				GENERATE_INFOPLIST_FILE = YES;
				INFOPLIST_FILE = TrainWindowGuide/Info.plist;
				INFOPLIST_KEY_NSLocationAlwaysAndWhenInUseUsageDescription = "アプリの使用中のみ位置情報の取得を許可する";
				INFOPLIST_KEY_NSLocationAlwaysUsageDescription = "常に位置情報の取得を許可する";
				INFOPLIST_KEY_NSLocationWhenInUseUsageDescription = "アプリの使用中のみ位置情報の取得を許可する";
				INFOPLIST_KEY_UIApplicationSupportsIndirectInputEvents = YES;
				INFOPLIST_KEY_UILaunchStoryboardName = LaunchScreen;
				INFOPLIST_KEY_UIMainStoryboardFile = Main;
				INFOPLIST_KEY_UISupportedInterfaceOrientations_iPad = "";
				INFOPLIST_KEY_UISupportedInterfaceOrientations_iPhone = "UIInterfaceOrientationPortrait UIInterfaceOrientationLandscapeLeft UIInterfaceOrientationLandscapeRight";
				LD_RUNPATH_SEARCH_PATHS = (
					"$(inherited)",
					"@executable_path/Frameworks",
				);
				MARKETING_VERSION = 1.0;
				PRODUCT_BUNDLE_IDENTIFIER = igaryo.com.TrainWindowGuide;
				PRODUCT_NAME = "$(TARGET_NAME)";
				SWIFT_EMIT_LOC_STRINGS = YES;
				SWIFT_VERSION = 5.0;
				TARGETED_DEVICE_FAMILY = "1,2";
			};
			name = Release;
		};
/* End XCBuildConfiguration section */

/* Begin XCConfigurationList section */
		43E8B4DB2A1CBDE900F10D39 /* Build configuration list for PBXProject "TrainWindowGuide" */ = {
			isa = XCConfigurationList;
			buildConfigurations = (
				43E8B4F22A1CBDEB00F10D39 /* Debug */,
				43E8B4F32A1CBDEB00F10D39 /* Release */,
			);
			defaultConfigurationIsVisible = 0;
			defaultConfigurationName = Release;
		};
		43E8B4F42A1CBDEB00F10D39 /* Build configuration list for PBXNativeTarget "TrainWindowGuide" */ = {
			isa = XCConfigurationList;
			buildConfigurations = (
				43E8B4F52A1CBDEB00F10D39 /* Debug */,
				43E8B4F62A1CBDEB00F10D39 /* Release */,
			);
			defaultConfigurationIsVisible = 0;
			defaultConfigurationName = Release;
		};
/* End XCConfigurationList section */
	};
	rootObject = 43E8B4D82A1CBDE900F10D39 /* Project object */;
}
